// !$*UTF8*$!
{
	archiveVersion = 1;
	classes = {
	};
	objectVersion = 48;
	objects = {

/* Begin PBXBuildFile section */
		032556E803AE13922C9169D1 /* Pods_MobileHARTests.framework in Frameworks */ = {isa = PBXBuildFile; fileRef = 8C1827DC735285845B5E6AEE /* Pods_MobileHARTests.framework */; };
		08B99C381FAFA7F800D601E6 /* AppDelegate.swift in Sources */ = {isa = PBXBuildFile; fileRef = 08B99C371FAFA7F800D601E6 /* AppDelegate.swift */; };
		08B99C3A1FAFA7F800D601E6 /* ViewController.swift in Sources */ = {isa = PBXBuildFile; fileRef = 08B99C391FAFA7F800D601E6 /* ViewController.swift */; };
		08B99C3D1FAFA7F800D601E6 /* Main.storyboard in Resources */ = {isa = PBXBuildFile; fileRef = 08B99C3B1FAFA7F800D601E6 /* Main.storyboard */; };
		08B99C3F1FAFA7F800D601E6 /* Assets.xcassets in Resources */ = {isa = PBXBuildFile; fileRef = 08B99C3E1FAFA7F800D601E6 /* Assets.xcassets */; };
		08B99C421FAFA7F800D601E6 /* LaunchScreen.storyboard in Resources */ = {isa = PBXBuildFile; fileRef = 08B99C401FAFA7F800D601E6 /* LaunchScreen.storyboard */; };
		08B99C4D1FAFA7F800D601E6 /* MobileHARTests.swift in Sources */ = {isa = PBXBuildFile; fileRef = 08B99C4C1FAFA7F800D601E6 /* MobileHARTests.swift */; };
		08B99C581FAFA7F800D601E6 /* MobileHARUITests.swift in Sources */ = {isa = PBXBuildFile; fileRef = 08B99C571FAFA7F800D601E6 /* MobileHARUITests.swift */; };
		08B99C691FAFA89400D601E6 /* CoreMotion.framework in Frameworks */ = {isa = PBXBuildFile; fileRef = 08B99C681FAFA88D00D601E6 /* CoreMotion.framework */; };
		08B99C6D1FAFAE5800D601E6 /* MultiArray.swift in Sources */ = {isa = PBXBuildFile; fileRef = 08B99C6C1FAFAE5700D601E6 /* MultiArray.swift */; };
		08B99C751FAFB13300D601E6 /* MLMultiArray+Image.swift in Sources */ = {isa = PBXBuildFile; fileRef = 08B99C6E1FAFB13200D601E6 /* MLMultiArray+Image.swift */; };
		08B99C761FAFB13300D601E6 /* CVPixelBuffer+Helpers.swift in Sources */ = {isa = PBXBuildFile; fileRef = 08B99C6F1FAFB13200D601E6 /* CVPixelBuffer+Helpers.swift */; };
		08B99C771FAFB13300D601E6 /* Array.swift in Sources */ = {isa = PBXBuildFile; fileRef = 08B99C701FAFB13200D601E6 /* Array.swift */; };
		08B99C781FAFB13300D601E6 /* Math.swift in Sources */ = {isa = PBXBuildFile; fileRef = 08B99C711FAFB13200D601E6 /* Math.swift */; };
		08B99C791FAFB13300D601E6 /* UIImage+CVPixelBuffer.swift in Sources */ = {isa = PBXBuildFile; fileRef = 08B99C721FAFB13200D601E6 /* UIImage+CVPixelBuffer.swift */; };
		08B99C7A1FAFB13300D601E6 /* Predictions.swift in Sources */ = {isa = PBXBuildFile; fileRef = 08B99C731FAFB13200D601E6 /* Predictions.swift */; };
		08B99C7B1FAFB13300D601E6 /* NonMaxSuppression.swift in Sources */ = {isa = PBXBuildFile; fileRef = 08B99C741FAFB13200D601E6 /* NonMaxSuppression.swift */; };
		08B99C7D1FB164ED00D601E6 /* complex.swift in Sources */ = {isa = PBXBuildFile; fileRef = 08B99C7C1FB164ED00D601E6 /* complex.swift */; };
		08B99C7F1FB166AD00D601E6 /* CoreGraphics.framework in Frameworks */ = {isa = PBXBuildFile; fileRef = 08B99C7E1FB166A800D601E6 /* CoreGraphics.framework */; };
		08D66EB62016F3B800BA3BD8 /* GLKit.framework in Frameworks */ = {isa = PBXBuildFile; fileRef = 08D66EB52016F3B800BA3BD8 /* GLKit.framework */; };
		08D7AD4020595E6D00EDC186 /* GoogleService-Info.plist in Resources */ = {isa = PBXBuildFile; fileRef = 08D7AD3F20595E6D00EDC186 /* GoogleService-Info.plist */; };
		08D7AD4220597A9500EDC186 /* ConvLSTM.mlmodel in Sources */ = {isa = PBXBuildFile; fileRef = 08B99C651FAFA81100D601E6 /* ConvLSTM.mlmodel */; };
		08D7AD44207DDD4800EDC186 /* HARToolkit.swift in Sources */ = {isa = PBXBuildFile; fileRef = 08D7AD43207DDD4800EDC186 /* HARToolkit.swift */; };
		0B339966C755C28022C96A00 /* Pods_MobileHAR.framework in Frameworks */ = {isa = PBXBuildFile; fileRef = 60C4BBF4249E8B3EDFC24E27 /* Pods_MobileHAR.framework */; };
		59869ADD7C56FCC3E117CA9A /* Pods_MobileHARUITests.framework in Frameworks */ = {isa = PBXBuildFile; fileRef = 3F4EA797EC00735BAD44E5B3 /* Pods_MobileHARUITests.framework */; };
/* End PBXBuildFile section */

/* Begin PBXContainerItemProxy section */
		08B99C491FAFA7F800D601E6 /* PBXContainerItemProxy */ = {
			isa = PBXContainerItemProxy;
			containerPortal = 08B99C2C1FAFA7F800D601E6 /* Project object */;
			proxyType = 1;
			remoteGlobalIDString = 08B99C331FAFA7F800D601E6;
			remoteInfo = MobileHAR;
		};
		08B99C541FAFA7F800D601E6 /* PBXContainerItemProxy */ = {
			isa = PBXContainerItemProxy;
			containerPortal = 08B99C2C1FAFA7F800D601E6 /* Project object */;
			proxyType = 1;
			remoteGlobalIDString = 08B99C331FAFA7F800D601E6;
			remoteInfo = MobileHAR;
		};
/* End PBXContainerItemProxy section */

/* Begin PBXFileReference section */
		034BC21665914E01C25F6632 /* Pods-MobileHARTests.debug.xcconfig */ = {isa = PBXFileReference; includeInIndex = 1; lastKnownFileType = text.xcconfig; name = "Pods-MobileHARTests.debug.xcconfig"; path = "Pods/Target Support Files/Pods-MobileHARTests/Pods-MobileHARTests.debug.xcconfig"; sourceTree = "<group>"; };
		08B99C341FAFA7F800D601E6 /* MobileHAR.app */ = {isa = PBXFileReference; explicitFileType = wrapper.application; includeInIndex = 0; path = MobileHAR.app; sourceTree = BUILT_PRODUCTS_DIR; };
		08B99C371FAFA7F800D601E6 /* AppDelegate.swift */ = {isa = PBXFileReference; lastKnownFileType = sourcecode.swift; path = AppDelegate.swift; sourceTree = "<group>"; };
		08B99C391FAFA7F800D601E6 /* ViewController.swift */ = {isa = PBXFileReference; lastKnownFileType = sourcecode.swift; path = ViewController.swift; sourceTree = "<group>"; };
		08B99C3C1FAFA7F800D601E6 /* Base */ = {isa = PBXFileReference; lastKnownFileType = file.storyboard; name = Base; path = Base.lproj/Main.storyboard; sourceTree = "<group>"; };
		08B99C3E1FAFA7F800D601E6 /* Assets.xcassets */ = {isa = PBXFileReference; lastKnownFileType = folder.assetcatalog; path = Assets.xcassets; sourceTree = "<group>"; };
		08B99C411FAFA7F800D601E6 /* Base */ = {isa = PBXFileReference; lastKnownFileType = file.storyboard; name = Base; path = Base.lproj/LaunchScreen.storyboard; sourceTree = "<group>"; };
		08B99C431FAFA7F800D601E6 /* Info.plist */ = {isa = PBXFileReference; lastKnownFileType = text.plist.xml; path = Info.plist; sourceTree = "<group>"; };
		08B99C481FAFA7F800D601E6 /* MobileHARTests.xctest */ = {isa = PBXFileReference; explicitFileType = wrapper.cfbundle; includeInIndex = 0; path = MobileHARTests.xctest; sourceTree = BUILT_PRODUCTS_DIR; };
		08B99C4C1FAFA7F800D601E6 /* MobileHARTests.swift */ = {isa = PBXFileReference; lastKnownFileType = sourcecode.swift; path = MobileHARTests.swift; sourceTree = "<group>"; };
		08B99C4E1FAFA7F800D601E6 /* Info.plist */ = {isa = PBXFileReference; lastKnownFileType = text.plist.xml; path = Info.plist; sourceTree = "<group>"; };
		08B99C531FAFA7F800D601E6 /* MobileHARUITests.xctest */ = {isa = PBXFileReference; explicitFileType = wrapper.cfbundle; includeInIndex = 0; path = MobileHARUITests.xctest; sourceTree = BUILT_PRODUCTS_DIR; };
		08B99C571FAFA7F800D601E6 /* MobileHARUITests.swift */ = {isa = PBXFileReference; lastKnownFileType = sourcecode.swift; path = MobileHARUITests.swift; sourceTree = "<group>"; };
		08B99C591FAFA7F800D601E6 /* Info.plist */ = {isa = PBXFileReference; lastKnownFileType = text.plist.xml; path = Info.plist; sourceTree = "<group>"; };
		08B99C651FAFA81100D601E6 /* ConvLSTM.mlmodel */ = {isa = PBXFileReference; lastKnownFileType = file.mlmodel; path = ConvLSTM.mlmodel; sourceTree = "<group>"; };
		08B99C681FAFA88D00D601E6 /* CoreMotion.framework */ = {isa = PBXFileReference; lastKnownFileType = wrapper.framework; name = CoreMotion.framework; path = System/Library/Frameworks/CoreMotion.framework; sourceTree = SDKROOT; };
		08B99C6C1FAFAE5700D601E6 /* MultiArray.swift */ = {isa = PBXFileReference; fileEncoding = 4; lastKnownFileType = sourcecode.swift; path = MultiArray.swift; sourceTree = "<group>"; };
		08B99C6E1FAFB13200D601E6 /* MLMultiArray+Image.swift */ = {isa = PBXFileReference; fileEncoding = 4; lastKnownFileType = sourcecode.swift; path = "MLMultiArray+Image.swift"; sourceTree = "<group>"; };
		08B99C6F1FAFB13200D601E6 /* CVPixelBuffer+Helpers.swift */ = {isa = PBXFileReference; fileEncoding = 4; lastKnownFileType = sourcecode.swift; path = "CVPixelBuffer+Helpers.swift"; sourceTree = "<group>"; };
		08B99C701FAFB13200D601E6 /* Array.swift */ = {isa = PBXFileReference; fileEncoding = 4; lastKnownFileType = sourcecode.swift; path = Array.swift; sourceTree = "<group>"; };
		08B99C711FAFB13200D601E6 /* Math.swift */ = {isa = PBXFileReference; fileEncoding = 4; lastKnownFileType = sourcecode.swift; path = Math.swift; sourceTree = "<group>"; };
		08B99C721FAFB13200D601E6 /* UIImage+CVPixelBuffer.swift */ = {isa = PBXFileReference; fileEncoding = 4; lastKnownFileType = sourcecode.swift; path = "UIImage+CVPixelBuffer.swift"; sourceTree = "<group>"; };
		08B99C731FAFB13200D601E6 /* Predictions.swift */ = {isa = PBXFileReference; fileEncoding = 4; lastKnownFileType = sourcecode.swift; path = Predictions.swift; sourceTree = "<group>"; };
		08B99C741FAFB13200D601E6 /* NonMaxSuppression.swift */ = {isa = PBXFileReference; fileEncoding = 4; lastKnownFileType = sourcecode.swift; path = NonMaxSuppression.swift; sourceTree = "<group>"; };
		08B99C7C1FB164ED00D601E6 /* complex.swift */ = {isa = PBXFileReference; fileEncoding = 4; lastKnownFileType = sourcecode.swift; path = complex.swift; sourceTree = "<group>"; };
		08B99C7E1FB166A800D601E6 /* CoreGraphics.framework */ = {isa = PBXFileReference; lastKnownFileType = wrapper.framework; name = CoreGraphics.framework; path = System/Library/Frameworks/CoreGraphics.framework; sourceTree = SDKROOT; };
		08D66EB52016F3B800BA3BD8 /* GLKit.framework */ = {isa = PBXFileReference; lastKnownFileType = wrapper.framework; name = GLKit.framework; path = System/Library/Frameworks/GLKit.framework; sourceTree = SDKROOT; };
		08D7AD3F20595E6D00EDC186 /* GoogleService-Info.plist */ = {isa = PBXFileReference; fileEncoding = 4; lastKnownFileType = text.plist.xml; path = "GoogleService-Info.plist"; sourceTree = "<group>"; };
		08D7AD43207DDD4800EDC186 /* HARToolkit.swift */ = {isa = PBXFileReference; lastKnownFileType = sourcecode.swift; path = HARToolkit.swift; sourceTree = "<group>"; };
		1127FE934E0F054AE09543E4 /* Pods-MobileHARUITests.debug.xcconfig */ = {isa = PBXFileReference; includeInIndex = 1; lastKnownFileType = text.xcconfig; name = "Pods-MobileHARUITests.debug.xcconfig"; path = "Pods/Target Support Files/Pods-MobileHARUITests/Pods-MobileHARUITests.debug.xcconfig"; sourceTree = "<group>"; };
		3F4EA797EC00735BAD44E5B3 /* Pods_MobileHARUITests.framework */ = {isa = PBXFileReference; explicitFileType = wrapper.framework; includeInIndex = 0; path = Pods_MobileHARUITests.framework; sourceTree = BUILT_PRODUCTS_DIR; };
		60C4BBF4249E8B3EDFC24E27 /* Pods_MobileHAR.framework */ = {isa = PBXFileReference; explicitFileType = wrapper.framework; includeInIndex = 0; path = Pods_MobileHAR.framework; sourceTree = BUILT_PRODUCTS_DIR; };
		7104F71107AB84CB856A4707 /* Pods-MobileHAR.release.xcconfig */ = {isa = PBXFileReference; includeInIndex = 1; lastKnownFileType = text.xcconfig; name = "Pods-MobileHAR.release.xcconfig"; path = "Pods/Target Support Files/Pods-MobileHAR/Pods-MobileHAR.release.xcconfig"; sourceTree = "<group>"; };
		8C1827DC735285845B5E6AEE /* Pods_MobileHARTests.framework */ = {isa = PBXFileReference; explicitFileType = wrapper.framework; includeInIndex = 0; path = Pods_MobileHARTests.framework; sourceTree = BUILT_PRODUCTS_DIR; };
		B2F36E72F0C76376D19C570C /* Pods-MobileHARUITests.release.xcconfig */ = {isa = PBXFileReference; includeInIndex = 1; lastKnownFileType = text.xcconfig; name = "Pods-MobileHARUITests.release.xcconfig"; path = "Pods/Target Support Files/Pods-MobileHARUITests/Pods-MobileHARUITests.release.xcconfig"; sourceTree = "<group>"; };
		B5E79C36226CEC26A2749144 /* Pods-MobileHAR.debug.xcconfig */ = {isa = PBXFileReference; includeInIndex = 1; lastKnownFileType = text.xcconfig; name = "Pods-MobileHAR.debug.xcconfig"; path = "Pods/Target Support Files/Pods-MobileHAR/Pods-MobileHAR.debug.xcconfig"; sourceTree = "<group>"; };
		FC5B6413D49B6344AC1A150B /* Pods-MobileHARTests.release.xcconfig */ = {isa = PBXFileReference; includeInIndex = 1; lastKnownFileType = text.xcconfig; name = "Pods-MobileHARTests.release.xcconfig"; path = "Pods/Target Support Files/Pods-MobileHARTests/Pods-MobileHARTests.release.xcconfig"; sourceTree = "<group>"; };
/* End PBXFileReference section */

/* Begin PBXFrameworksBuildPhase section */
		08B99C311FAFA7F800D601E6 /* Frameworks */ = {
			isa = PBXFrameworksBuildPhase;
			buildActionMask = 2147483647;
			files = (
				08D66EB62016F3B800BA3BD8 /* GLKit.framework in Frameworks */,
				08B99C7F1FB166AD00D601E6 /* CoreGraphics.framework in Frameworks */,
				08B99C691FAFA89400D601E6 /* CoreMotion.framework in Frameworks */,
				0B339966C755C28022C96A00 /* Pods_MobileHAR.framework in Frameworks */,
			);
			runOnlyForDeploymentPostprocessing = 0;
		};
		08B99C451FAFA7F800D601E6 /* Frameworks */ = {
			isa = PBXFrameworksBuildPhase;
			buildActionMask = 2147483647;
			files = (
				032556E803AE13922C9169D1 /* Pods_MobileHARTests.framework in Frameworks */,
			);
			runOnlyForDeploymentPostprocessing = 0;
		};
		08B99C501FAFA7F800D601E6 /* Frameworks */ = {
			isa = PBXFrameworksBuildPhase;
			buildActionMask = 2147483647;
			files = (
				59869ADD7C56FCC3E117CA9A /* Pods_MobileHARUITests.framework in Frameworks */,
			);
			runOnlyForDeploymentPostprocessing = 0;
		};
/* End PBXFrameworksBuildPhase section */

/* Begin PBXGroup section */
		08B99C2B1FAFA7F800D601E6 = {
			isa = PBXGroup;
			children = (
				08B99C361FAFA7F800D601E6 /* MobileHAR */,
				08B99C4B1FAFA7F800D601E6 /* MobileHARTests */,
				08B99C561FAFA7F800D601E6 /* MobileHARUITests */,
				08B99C351FAFA7F800D601E6 /* Products */,
				08B99C671FAFA88D00D601E6 /* Frameworks */,
				4D966DA2E08556511ED21291 /* Pods */,
			);
			sourceTree = "<group>";
		};
		08B99C351FAFA7F800D601E6 /* Products */ = {
			isa = PBXGroup;
			children = (
				08B99C341FAFA7F800D601E6 /* MobileHAR.app */,
				08B99C481FAFA7F800D601E6 /* MobileHARTests.xctest */,
				08B99C531FAFA7F800D601E6 /* MobileHARUITests.xctest */,
			);
			name = Products;
			sourceTree = "<group>";
		};
		08B99C361FAFA7F800D601E6 /* MobileHAR */ = {
			isa = PBXGroup;
			children = (
				08B99C7C1FB164ED00D601E6 /* complex.swift */,
				08B99C701FAFB13200D601E6 /* Array.swift */,
				08B99C6F1FAFB13200D601E6 /* CVPixelBuffer+Helpers.swift */,
				08B99C711FAFB13200D601E6 /* Math.swift */,
				08B99C6E1FAFB13200D601E6 /* MLMultiArray+Image.swift */,
				08B99C741FAFB13200D601E6 /* NonMaxSuppression.swift */,
				08B99C731FAFB13200D601E6 /* Predictions.swift */,
				08B99C721FAFB13200D601E6 /* UIImage+CVPixelBuffer.swift */,
				08B99C651FAFA81100D601E6 /* ConvLSTM.mlmodel */,
				08D7AD43207DDD4800EDC186 /* HARToolkit.swift */,
				08B99C371FAFA7F800D601E6 /* AppDelegate.swift */,
				08B99C391FAFA7F800D601E6 /* ViewController.swift */,
				08B99C6C1FAFAE5700D601E6 /* MultiArray.swift */,
				08B99C3B1FAFA7F800D601E6 /* Main.storyboard */,
				08D7AD3F20595E6D00EDC186 /* GoogleService-Info.plist */,
				08B99C3E1FAFA7F800D601E6 /* Assets.xcassets */,
				08B99C401FAFA7F800D601E6 /* LaunchScreen.storyboard */,
				08B99C431FAFA7F800D601E6 /* Info.plist */,
			);
			path = MobileHAR;
			sourceTree = "<group>";
		};
		08B99C4B1FAFA7F800D601E6 /* MobileHARTests */ = {
			isa = PBXGroup;
			children = (
				08B99C4C1FAFA7F800D601E6 /* MobileHARTests.swift */,
				08B99C4E1FAFA7F800D601E6 /* Info.plist */,
			);
			path = MobileHARTests;
			sourceTree = "<group>";
		};
		08B99C561FAFA7F800D601E6 /* MobileHARUITests */ = {
			isa = PBXGroup;
			children = (
				08B99C571FAFA7F800D601E6 /* MobileHARUITests.swift */,
				08B99C591FAFA7F800D601E6 /* Info.plist */,
			);
			path = MobileHARUITests;
			sourceTree = "<group>";
		};
		08B99C671FAFA88D00D601E6 /* Frameworks */ = {
			isa = PBXGroup;
			children = (
				08D66EB52016F3B800BA3BD8 /* GLKit.framework */,
				08B99C7E1FB166A800D601E6 /* CoreGraphics.framework */,
				08B99C681FAFA88D00D601E6 /* CoreMotion.framework */,
				60C4BBF4249E8B3EDFC24E27 /* Pods_MobileHAR.framework */,
				8C1827DC735285845B5E6AEE /* Pods_MobileHARTests.framework */,
				3F4EA797EC00735BAD44E5B3 /* Pods_MobileHARUITests.framework */,
			);
			name = Frameworks;
			sourceTree = "<group>";
		};
		4D966DA2E08556511ED21291 /* Pods */ = {
			isa = PBXGroup;
			children = (
				B5E79C36226CEC26A2749144 /* Pods-MobileHAR.debug.xcconfig */,
				7104F71107AB84CB856A4707 /* Pods-MobileHAR.release.xcconfig */,
				034BC21665914E01C25F6632 /* Pods-MobileHARTests.debug.xcconfig */,
				FC5B6413D49B6344AC1A150B /* Pods-MobileHARTests.release.xcconfig */,
				1127FE934E0F054AE09543E4 /* Pods-MobileHARUITests.debug.xcconfig */,
				B2F36E72F0C76376D19C570C /* Pods-MobileHARUITests.release.xcconfig */,
			);
			name = Pods;
			sourceTree = "<group>";
		};
/* End PBXGroup section */

/* Begin PBXNativeTarget section */
		08B99C331FAFA7F800D601E6 /* MobileHAR */ = {
			isa = PBXNativeTarget;
			buildConfigurationList = 08B99C5C1FAFA7F800D601E6 /* Build configuration list for PBXNativeTarget "MobileHAR" */;
			buildPhases = (
				75F2E2FECFCA6CBCD2E2C40E /* [CP] Check Pods Manifest.lock */,
				08B99C301FAFA7F800D601E6 /* Sources */,
				08B99C311FAFA7F800D601E6 /* Frameworks */,
				08B99C321FAFA7F800D601E6 /* Resources */,
				5A3395E42F361BDCE9B82EF0 /* [CP] Embed Pods Frameworks */,
				51EAAE88AC886F587040B674 /* [CP] Copy Pods Resources */,
			);
			buildRules = (
			);
			dependencies = (
			);
			name = MobileHAR;
			productName = MobileHAR;
			productReference = 08B99C341FAFA7F800D601E6 /* MobileHAR.app */;
			productType = "com.apple.product-type.application";
		};
		08B99C471FAFA7F800D601E6 /* MobileHARTests */ = {
			isa = PBXNativeTarget;
			buildConfigurationList = 08B99C5F1FAFA7F800D601E6 /* Build configuration list for PBXNativeTarget "MobileHARTests" */;
			buildPhases = (
				9ED331C32EF6E39E4849C383 /* [CP] Check Pods Manifest.lock */,
				08B99C441FAFA7F800D601E6 /* Sources */,
				08B99C451FAFA7F800D601E6 /* Frameworks */,
				08B99C461FAFA7F800D601E6 /* Resources */,
				2AF3931C9EA23FFAD5C75A6C /* [CP] Embed Pods Frameworks */,
				B6E4F245C456DEBB7390C364 /* [CP] Copy Pods Resources */,
			);
			buildRules = (
			);
			dependencies = (
				08B99C4A1FAFA7F800D601E6 /* PBXTargetDependency */,
			);
			name = MobileHARTests;
			productName = MobileHARTests;
			productReference = 08B99C481FAFA7F800D601E6 /* MobileHARTests.xctest */;
			productType = "com.apple.product-type.bundle.unit-test";
		};
		08B99C521FAFA7F800D601E6 /* MobileHARUITests */ = {
			isa = PBXNativeTarget;
			buildConfigurationList = 08B99C621FAFA7F800D601E6 /* Build configuration list for PBXNativeTarget "MobileHARUITests" */;
			buildPhases = (
				020B96A1D011105EC81A2461 /* [CP] Check Pods Manifest.lock */,
				08B99C4F1FAFA7F800D601E6 /* Sources */,
				08B99C501FAFA7F800D601E6 /* Frameworks */,
				08B99C511FAFA7F800D601E6 /* Resources */,
				A7812DE1C1D7D0509073B592 /* [CP] Embed Pods Frameworks */,
				3DCB63D746BCDBF79843869C /* [CP] Copy Pods Resources */,
			);
			buildRules = (
			);
			dependencies = (
				08B99C551FAFA7F800D601E6 /* PBXTargetDependency */,
			);
			name = MobileHARUITests;
			productName = MobileHARUITests;
			productReference = 08B99C531FAFA7F800D601E6 /* MobileHARUITests.xctest */;
			productType = "com.apple.product-type.bundle.ui-testing";
		};
/* End PBXNativeTarget section */

/* Begin PBXProject section */
		08B99C2C1FAFA7F800D601E6 /* Project object */ = {
			isa = PBXProject;
			attributes = {
				LastSwiftUpdateCheck = 0910;
				LastUpgradeCheck = 0910;
				ORGANIZATIONNAME = Ubicomp;
				TargetAttributes = {
					08B99C331FAFA7F800D601E6 = {
						CreatedOnToolsVersion = 9.1;
						ProvisioningStyle = Automatic;
					};
					08B99C471FAFA7F800D601E6 = {
						CreatedOnToolsVersion = 9.1;
						ProvisioningStyle = Automatic;
						TestTargetID = 08B99C331FAFA7F800D601E6;
					};
					08B99C521FAFA7F800D601E6 = {
						CreatedOnToolsVersion = 9.1;
						ProvisioningStyle = Automatic;
						TestTargetID = 08B99C331FAFA7F800D601E6;
					};
				};
			};
			buildConfigurationList = 08B99C2F1FAFA7F800D601E6 /* Build configuration list for PBXProject "MobileHAR" */;
			compatibilityVersion = "Xcode 8.0";
			developmentRegion = en;
			hasScannedForEncodings = 0;
			knownRegions = (
				en,
				Base,
			);
			mainGroup = 08B99C2B1FAFA7F800D601E6;
			productRefGroup = 08B99C351FAFA7F800D601E6 /* Products */;
			projectDirPath = "";
			projectRoot = "";
			targets = (
				08B99C331FAFA7F800D601E6 /* MobileHAR */,
				08B99C471FAFA7F800D601E6 /* MobileHARTests */,
				08B99C521FAFA7F800D601E6 /* MobileHARUITests */,
			);
		};
/* End PBXProject section */

/* Begin PBXResourcesBuildPhase section */
		08B99C321FAFA7F800D601E6 /* Resources */ = {
			isa = PBXResourcesBuildPhase;
			buildActionMask = 2147483647;
			files = (
				08B99C421FAFA7F800D601E6 /* LaunchScreen.storyboard in Resources */,
				08B99C3F1FAFA7F800D601E6 /* Assets.xcassets in Resources */,
				08B99C3D1FAFA7F800D601E6 /* Main.storyboard in Resources */,
				08D7AD4020595E6D00EDC186 /* GoogleService-Info.plist in Resources */,
			);
			runOnlyForDeploymentPostprocessing = 0;
		};
		08B99C461FAFA7F800D601E6 /* Resources */ = {
			isa = PBXResourcesBuildPhase;
			buildActionMask = 2147483647;
			files = (
			);
			runOnlyForDeploymentPostprocessing = 0;
		};
		08B99C511FAFA7F800D601E6 /* Resources */ = {
			isa = PBXResourcesBuildPhase;
			buildActionMask = 2147483647;
			files = (
			);
			runOnlyForDeploymentPostprocessing = 0;
		};
/* End PBXResourcesBuildPhase section */

/* Begin PBXShellScriptBuildPhase section */
		020B96A1D011105EC81A2461 /* [CP] Check Pods Manifest.lock */ = {
			isa = PBXShellScriptBuildPhase;
			buildActionMask = 2147483647;
			files = (
			);
			inputPaths = (
				"${PODS_PODFILE_DIR_PATH}/Podfile.lock",
				"${PODS_ROOT}/Manifest.lock",
			);
			name = "[CP] Check Pods Manifest.lock";
			outputPaths = (
				"$(DERIVED_FILE_DIR)/Pods-MobileHARUITests-checkManifestLockResult.txt",
			);
			runOnlyForDeploymentPostprocessing = 0;
			shellPath = /bin/sh;
			shellScript = "diff \"${PODS_PODFILE_DIR_PATH}/Podfile.lock\" \"${PODS_ROOT}/Manifest.lock\" > /dev/null\nif [ $? != 0 ] ; then\n    # print error to STDERR\n    echo \"error: The sandbox is not in sync with the Podfile.lock. Run 'pod install' or update your CocoaPods installation.\" >&2\n    exit 1\nfi\n# This output is used by Xcode 'outputs' to avoid re-running this script phase.\necho \"SUCCESS\" > \"${SCRIPT_OUTPUT_FILE_0}\"\n";
			showEnvVarsInLog = 0;
		};
		2AF3931C9EA23FFAD5C75A6C /* [CP] Embed Pods Frameworks */ = {
			isa = PBXShellScriptBuildPhase;
			buildActionMask = 2147483647;
			files = (
			);
			inputPaths = (
			);
			name = "[CP] Embed Pods Frameworks";
			outputPaths = (
			);
			runOnlyForDeploymentPostprocessing = 0;
			shellPath = /bin/sh;
			shellScript = "\"${SRCROOT}/Pods/Target Support Files/Pods-MobileHARTests/Pods-MobileHARTests-frameworks.sh\"\n";
			showEnvVarsInLog = 0;
		};
		3DCB63D746BCDBF79843869C /* [CP] Copy Pods Resources */ = {
			isa = PBXShellScriptBuildPhase;
			buildActionMask = 2147483647;
			files = (
			);
			inputPaths = (
			);
			name = "[CP] Copy Pods Resources";
			outputPaths = (
			);
			runOnlyForDeploymentPostprocessing = 0;
			shellPath = /bin/sh;
			shellScript = "\"${SRCROOT}/Pods/Target Support Files/Pods-MobileHARUITests/Pods-MobileHARUITests-resources.sh\"\n";
			showEnvVarsInLog = 0;
		};
		51EAAE88AC886F587040B674 /* [CP] Copy Pods Resources */ = {
			isa = PBXShellScriptBuildPhase;
			buildActionMask = 2147483647;
			files = (
			);
			inputPaths = (
			);
			name = "[CP] Copy Pods Resources";
			outputPaths = (
			);
			runOnlyForDeploymentPostprocessing = 0;
			shellPath = /bin/sh;
			shellScript = "\"${SRCROOT}/Pods/Target Support Files/Pods-MobileHAR/Pods-MobileHAR-resources.sh\"\n";
			showEnvVarsInLog = 0;
		};
		5A3395E42F361BDCE9B82EF0 /* [CP] Embed Pods Frameworks */ = {
			isa = PBXShellScriptBuildPhase;
			buildActionMask = 2147483647;
			files = (
			);
			inputPaths = (
				"${SRCROOT}/Pods/Target Support Files/Pods-MobileHAR/Pods-MobileHAR-frameworks.sh",
				"${BUILT_PRODUCTS_DIR}/GTMSessionFetcher/GTMSessionFetcher.framework",
				"${BUILT_PRODUCTS_DIR}/GoogleToolboxForMac/GoogleToolboxForMac.framework",
				"${BUILT_PRODUCTS_DIR}/nanopb/nanopb.framework",
			);
			name = "[CP] Embed Pods Frameworks";
			outputPaths = (
				"${TARGET_BUILD_DIR}/${FRAMEWORKS_FOLDER_PATH}/GTMSessionFetcher.framework",
				"${TARGET_BUILD_DIR}/${FRAMEWORKS_FOLDER_PATH}/GoogleToolboxForMac.framework",
				"${TARGET_BUILD_DIR}/${FRAMEWORKS_FOLDER_PATH}/nanopb.framework",
			);
			runOnlyForDeploymentPostprocessing = 0;
			shellPath = /bin/sh;
			shellScript = "\"${SRCROOT}/Pods/Target Support Files/Pods-MobileHAR/Pods-MobileHAR-frameworks.sh\"\n";
			showEnvVarsInLog = 0;
		};
		75F2E2FECFCA6CBCD2E2C40E /* [CP] Check Pods Manifest.lock */ = {
			isa = PBXShellScriptBuildPhase;
			buildActionMask = 2147483647;
			files = (
			);
			inputPaths = (
				"${PODS_PODFILE_DIR_PATH}/Podfile.lock",
				"${PODS_ROOT}/Manifest.lock",
			);
			name = "[CP] Check Pods Manifest.lock";
			outputPaths = (
				"$(DERIVED_FILE_DIR)/Pods-MobileHAR-checkManifestLockResult.txt",
			);
			runOnlyForDeploymentPostprocessing = 0;
			shellPath = /bin/sh;
			shellScript = "diff \"${PODS_PODFILE_DIR_PATH}/Podfile.lock\" \"${PODS_ROOT}/Manifest.lock\" > /dev/null\nif [ $? != 0 ] ; then\n    # print error to STDERR\n    echo \"error: The sandbox is not in sync with the Podfile.lock. Run 'pod install' or update your CocoaPods installation.\" >&2\n    exit 1\nfi\n# This output is used by Xcode 'outputs' to avoid re-running this script phase.\necho \"SUCCESS\" > \"${SCRIPT_OUTPUT_FILE_0}\"\n";
			showEnvVarsInLog = 0;
		};
		9ED331C32EF6E39E4849C383 /* [CP] Check Pods Manifest.lock */ = {
			isa = PBXShellScriptBuildPhase;
			buildActionMask = 2147483647;
			files = (
			);
			inputPaths = (
				"${PODS_PODFILE_DIR_PATH}/Podfile.lock",
				"${PODS_ROOT}/Manifest.lock",
			);
			name = "[CP] Check Pods Manifest.lock";
			outputPaths = (
				"$(DERIVED_FILE_DIR)/Pods-MobileHARTests-checkManifestLockResult.txt",
			);
			runOnlyForDeploymentPostprocessing = 0;
			shellPath = /bin/sh;
			shellScript = "diff \"${PODS_PODFILE_DIR_PATH}/Podfile.lock\" \"${PODS_ROOT}/Manifest.lock\" > /dev/null\nif [ $? != 0 ] ; then\n    # print error to STDERR\n    echo \"error: The sandbox is not in sync with the Podfile.lock. Run 'pod install' or update your CocoaPods installation.\" >&2\n    exit 1\nfi\n# This output is used by Xcode 'outputs' to avoid re-running this script phase.\necho \"SUCCESS\" > \"${SCRIPT_OUTPUT_FILE_0}\"\n";
			showEnvVarsInLog = 0;
		};
		A7812DE1C1D7D0509073B592 /* [CP] Embed Pods Frameworks */ = {
			isa = PBXShellScriptBuildPhase;
			buildActionMask = 2147483647;
			files = (
			);
			inputPaths = (
			);
			name = "[CP] Embed Pods Frameworks";
			outputPaths = (
			);
			runOnlyForDeploymentPostprocessing = 0;
			shellPath = /bin/sh;
			shellScript = "\"${SRCROOT}/Pods/Target Support Files/Pods-MobileHARUITests/Pods-MobileHARUITests-frameworks.sh\"\n";
			showEnvVarsInLog = 0;
		};
		B6E4F245C456DEBB7390C364 /* [CP] Copy Pods Resources */ = {
			isa = PBXShellScriptBuildPhase;
			buildActionMask = 2147483647;
			files = (
			);
			inputPaths = (
			);
			name = "[CP] Copy Pods Resources";
			outputPaths = (
			);
			runOnlyForDeploymentPostprocessing = 0;
			shellPath = /bin/sh;
			shellScript = "\"${SRCROOT}/Pods/Target Support Files/Pods-MobileHARTests/Pods-MobileHARTests-resources.sh\"\n";
			showEnvVarsInLog = 0;
		};
/* End PBXShellScriptBuildPhase section */

/* Begin PBXSourcesBuildPhase section */
		08B99C301FAFA7F800D601E6 /* Sources */ = {
			isa = PBXSourcesBuildPhase;
			buildActionMask = 2147483647;
			files = (
				08D7AD4220597A9500EDC186 /* ConvLSTM.mlmodel in Sources */,
				08B99C7D1FB164ED00D601E6 /* complex.swift in Sources */,
				08B99C7A1FAFB13300D601E6 /* Predictions.swift in Sources */,
				08B99C751FAFB13300D601E6 /* MLMultiArray+Image.swift in Sources */,
				08B99C3A1FAFA7F800D601E6 /* ViewController.swift in Sources */,
				08B99C771FAFB13300D601E6 /* Array.swift in Sources */,
				08B99C7B1FAFB13300D601E6 /* NonMaxSuppression.swift in Sources */,
				08B99C6D1FAFAE5800D601E6 /* MultiArray.swift in Sources */,
				08B99C761FAFB13300D601E6 /* CVPixelBuffer+Helpers.swift in Sources */,
				08B99C381FAFA7F800D601E6 /* AppDelegate.swift in Sources */,
				08D7AD44207DDD4800EDC186 /* HARToolkit.swift in Sources */,
				08B99C791FAFB13300D601E6 /* UIImage+CVPixelBuffer.swift in Sources */,
				08B99C781FAFB13300D601E6 /* Math.swift in Sources */,
			);
			runOnlyForDeploymentPostprocessing = 0;
		};
		08B99C441FAFA7F800D601E6 /* Sources */ = {
			isa = PBXSourcesBuildPhase;
			buildActionMask = 2147483647;
			files = (
				08B99C4D1FAFA7F800D601E6 /* MobileHARTests.swift in Sources */,
			);
			runOnlyForDeploymentPostprocessing = 0;
		};
		08B99C4F1FAFA7F800D601E6 /* Sources */ = {
			isa = PBXSourcesBuildPhase;
			buildActionMask = 2147483647;
			files = (
				08B99C581FAFA7F800D601E6 /* MobileHARUITests.swift in Sources */,
			);
			runOnlyForDeploymentPostprocessing = 0;
		};
/* End PBXSourcesBuildPhase section */

/* Begin PBXTargetDependency section */
		08B99C4A1FAFA7F800D601E6 /* PBXTargetDependency */ = {
			isa = PBXTargetDependency;
			target = 08B99C331FAFA7F800D601E6 /* MobileHAR */;
			targetProxy = 08B99C491FAFA7F800D601E6 /* PBXContainerItemProxy */;
		};
		08B99C551FAFA7F800D601E6 /* PBXTargetDependency */ = {
			isa = PBXTargetDependency;
			target = 08B99C331FAFA7F800D601E6 /* MobileHAR */;
			targetProxy = 08B99C541FAFA7F800D601E6 /* PBXContainerItemProxy */;
		};
/* End PBXTargetDependency section */

/* Begin PBXVariantGroup section */
		08B99C3B1FAFA7F800D601E6 /* Main.storyboard */ = {
			isa = PBXVariantGroup;
			children = (
				08B99C3C1FAFA7F800D601E6 /* Base */,
			);
			name = Main.storyboard;
			sourceTree = "<group>";
		};
		08B99C401FAFA7F800D601E6 /* LaunchScreen.storyboard */ = {
			isa = PBXVariantGroup;
			children = (
				08B99C411FAFA7F800D601E6 /* Base */,
			);
			name = LaunchScreen.storyboard;
			sourceTree = "<group>";
		};
/* End PBXVariantGroup section */

/* Begin XCBuildConfiguration section */
		08B99C5A1FAFA7F800D601E6 /* Debug */ = {
			isa = XCBuildConfiguration;
			buildSettings = {
				ALWAYS_SEARCH_USER_PATHS = NO;
				CLANG_ANALYZER_NONNULL = YES;
				CLANG_ANALYZER_NUMBER_OBJECT_CONVERSION = YES_AGGRESSIVE;
				CLANG_CXX_LANGUAGE_STANDARD = "gnu++14";
				CLANG_CXX_LIBRARY = "libc++";
				CLANG_ENABLE_MODULES = YES;
				CLANG_ENABLE_OBJC_ARC = YES;
				CLANG_WARN_BLOCK_CAPTURE_AUTORELEASING = YES;
				CLANG_WARN_BOOL_CONVERSION = YES;
				CLANG_WARN_COMMA = YES;
				CLANG_WARN_CONSTANT_CONVERSION = YES;
				CLANG_WARN_DIRECT_OBJC_ISA_USAGE = YES_ERROR;
				CLANG_WARN_DOCUMENTATION_COMMENTS = YES;
				CLANG_WARN_EMPTY_BODY = YES;
				CLANG_WARN_ENUM_CONVERSION = YES;
				CLANG_WARN_INFINITE_RECURSION = YES;
				CLANG_WARN_INT_CONVERSION = YES;
				CLANG_WARN_NON_LITERAL_NULL_CONVERSION = YES;
				CLANG_WARN_OBJC_LITERAL_CONVERSION = YES;
				CLANG_WARN_OBJC_ROOT_CLASS = YES_ERROR;
				CLANG_WARN_RANGE_LOOP_ANALYSIS = YES;
				CLANG_WARN_STRICT_PROTOTYPES = YES;
				CLANG_WARN_SUSPICIOUS_MOVE = YES;
				CLANG_WARN_UNGUARDED_AVAILABILITY = YES_AGGRESSIVE;
				CLANG_WARN_UNREACHABLE_CODE = YES;
				CLANG_WARN__DUPLICATE_METHOD_MATCH = YES;
				CODE_SIGN_IDENTITY = "iPhone Developer";
				COPY_PHASE_STRIP = NO;
				DEBUG_INFORMATION_FORMAT = dwarf;
				ENABLE_STRICT_OBJC_MSGSEND = YES;
				ENABLE_TESTABILITY = YES;
				GCC_C_LANGUAGE_STANDARD = gnu11;
				GCC_DYNAMIC_NO_PIC = NO;
				GCC_NO_COMMON_BLOCKS = YES;
				GCC_OPTIMIZATION_LEVEL = 0;
				GCC_PREPROCESSOR_DEFINITIONS = (
					"DEBUG=1",
					"$(inherited)",
				);
				GCC_WARN_64_TO_32_BIT_CONVERSION = YES;
				GCC_WARN_ABOUT_RETURN_TYPE = YES_ERROR;
				GCC_WARN_UNDECLARED_SELECTOR = YES;
				GCC_WARN_UNINITIALIZED_AUTOS = YES_AGGRESSIVE;
				GCC_WARN_UNUSED_FUNCTION = YES;
				GCC_WARN_UNUSED_VARIABLE = YES;
				IPHONEOS_DEPLOYMENT_TARGET = 11.1;
				MTL_ENABLE_DEBUG_INFO = YES;
				ONLY_ACTIVE_ARCH = YES;
				SDKROOT = iphoneos;
				SWIFT_ACTIVE_COMPILATION_CONDITIONS = DEBUG;
				SWIFT_OPTIMIZATION_LEVEL = "-Onone";
			};
			name = Debug;
		};
		08B99C5B1FAFA7F800D601E6 /* Release */ = {
			isa = XCBuildConfiguration;
			buildSettings = {
				ALWAYS_SEARCH_USER_PATHS = NO;
				CLANG_ANALYZER_NONNULL = YES;
				CLANG_ANALYZER_NUMBER_OBJECT_CONVERSION = YES_AGGRESSIVE;
				CLANG_CXX_LANGUAGE_STANDARD = "gnu++14";
				CLANG_CXX_LIBRARY = "libc++";
				CLANG_ENABLE_MODULES = YES;
				CLANG_ENABLE_OBJC_ARC = YES;
				CLANG_WARN_BLOCK_CAPTURE_AUTORELEASING = YES;
				CLANG_WARN_BOOL_CONVERSION = YES;
				CLANG_WARN_COMMA = YES;
				CLANG_WARN_CONSTANT_CONVERSION = YES;
				CLANG_WARN_DIRECT_OBJC_ISA_USAGE = YES_ERROR;
				CLANG_WARN_DOCUMENTATION_COMMENTS = YES;
				CLANG_WARN_EMPTY_BODY = YES;
				CLANG_WARN_ENUM_CONVERSION = YES;
				CLANG_WARN_INFINITE_RECURSION = YES;
				CLANG_WARN_INT_CONVERSION = YES;
				CLANG_WARN_NON_LITERAL_NULL_CONVERSION = YES;
				CLANG_WARN_OBJC_LITERAL_CONVERSION = YES;
				CLANG_WARN_OBJC_ROOT_CLASS = YES_ERROR;
				CLANG_WARN_RANGE_LOOP_ANALYSIS = YES;
				CLANG_WARN_STRICT_PROTOTYPES = YES;
				CLANG_WARN_SUSPICIOUS_MOVE = YES;
				CLANG_WARN_UNGUARDED_AVAILABILITY = YES_AGGRESSIVE;
				CLANG_WARN_UNREACHABLE_CODE = YES;
				CLANG_WARN__DUPLICATE_METHOD_MATCH = YES;
				CODE_SIGN_IDENTITY = "iPhone Developer";
				COPY_PHASE_STRIP = NO;
				DEBUG_INFORMATION_FORMAT = "dwarf-with-dsym";
				ENABLE_NS_ASSERTIONS = NO;
				ENABLE_STRICT_OBJC_MSGSEND = YES;
				GCC_C_LANGUAGE_STANDARD = gnu11;
				GCC_NO_COMMON_BLOCKS = YES;
				GCC_WARN_64_TO_32_BIT_CONVERSION = YES;
				GCC_WARN_ABOUT_RETURN_TYPE = YES_ERROR;
				GCC_WARN_UNDECLARED_SELECTOR = YES;
				GCC_WARN_UNINITIALIZED_AUTOS = YES_AGGRESSIVE;
				GCC_WARN_UNUSED_FUNCTION = YES;
				GCC_WARN_UNUSED_VARIABLE = YES;
				IPHONEOS_DEPLOYMENT_TARGET = 11.1;
				MTL_ENABLE_DEBUG_INFO = NO;
				SDKROOT = iphoneos;
				SWIFT_OPTIMIZATION_LEVEL = "-Owholemodule";
				VALIDATE_PRODUCT = YES;
			};
			name = Release;
		};
		08B99C5D1FAFA7F800D601E6 /* Debug */ = {
			isa = XCBuildConfiguration;
			baseConfigurationReference = B5E79C36226CEC26A2749144 /* Pods-MobileHAR.debug.xcconfig */;
			buildSettings = {
				ASSETCATALOG_COMPILER_APPICON_NAME = AppIcon;
				CODE_SIGN_STYLE = Automatic;
				DEVELOPMENT_TEAM = K5BR2FF6XK;
				INFOPLIST_FILE = MobileHAR/Info.plist;
				IPHONEOS_DEPLOYMENT_TARGET = 11.0;
				LD_RUNPATH_SEARCH_PATHS = "$(inherited) @executable_path/Frameworks";
				PRODUCT_BUNDLE_IDENTIFIER = Ubicomp.MobileHAR;
				PRODUCT_NAME = "$(TARGET_NAME)";
				SWIFT_VERSION = 4.0;
				TARGETED_DEVICE_FAMILY = "1,2";
			};
			name = Debug;
		};
		08B99C5E1FAFA7F800D601E6 /* Release */ = {
			isa = XCBuildConfiguration;
			baseConfigurationReference = 7104F71107AB84CB856A4707 /* Pods-MobileHAR.release.xcconfig */;
			buildSettings = {
				ASSETCATALOG_COMPILER_APPICON_NAME = AppIcon;
				CODE_SIGN_STYLE = Automatic;
				DEVELOPMENT_TEAM = K5BR2FF6XK;
				INFOPLIST_FILE = MobileHAR/Info.plist;
				IPHONEOS_DEPLOYMENT_TARGET = 11.0;
				LD_RUNPATH_SEARCH_PATHS = "$(inherited) @executable_path/Frameworks";
				PRODUCT_BUNDLE_IDENTIFIER = Ubicomp.MobileHAR;
				PRODUCT_NAME = "$(TARGET_NAME)";
				SWIFT_VERSION = 4.0;
				TARGETED_DEVICE_FAMILY = "1,2";
			};
			name = Release;
		};
		08B99C601FAFA7F800D601E6 /* Debug */ = {
			isa = XCBuildConfiguration;
			baseConfigurationReference = 034BC21665914E01C25F6632 /* Pods-MobileHARTests.debug.xcconfig */;
			buildSettings = {
				ALWAYS_EMBED_SWIFT_STANDARD_LIBRARIES = YES;
				BUNDLE_LOADER = "$(TEST_HOST)";
				CODE_SIGN_STYLE = Automatic;
				DEVELOPMENT_TEAM = K5BR2FF6XK;
				INFOPLIST_FILE = MobileHARTests/Info.plist;
				LD_RUNPATH_SEARCH_PATHS = "$(inherited) @executable_path/Frameworks @loader_path/Frameworks";
				PRODUCT_BUNDLE_IDENTIFIER = Ubicomp.MobileHARTests;
				PRODUCT_NAME = "$(TARGET_NAME)";
				SWIFT_VERSION = 4.0;
				TARGETED_DEVICE_FAMILY = "1,2";
				TEST_HOST = "$(BUILT_PRODUCTS_DIR)/MobileHAR.app/MobileHAR";
			};
			name = Debug;
		};
		08B99C611FAFA7F800D601E6 /* Release */ = {
			isa = XCBuildConfiguration;
			baseConfigurationReference = FC5B6413D49B6344AC1A150B /* Pods-MobileHARTests.release.xcconfig */;
			buildSettings = {
				ALWAYS_EMBED_SWIFT_STANDARD_LIBRARIES = YES;
				BUNDLE_LOADER = "$(TEST_HOST)";
				CODE_SIGN_STYLE = Automatic;
				DEVELOPMENT_TEAM = K5BR2FF6XK;
				INFOPLIST_FILE = MobileHARTests/Info.plist;
				LD_RUNPATH_SEARCH_PATHS = "$(inherited) @executable_path/Frameworks @loader_path/Frameworks";
				PRODUCT_BUNDLE_IDENTIFIER = Ubicomp.MobileHARTests;
				PRODUCT_NAME = "$(TARGET_NAME)";
				SWIFT_VERSION = 4.0;
				TARGETED_DEVICE_FAMILY = "1,2";
				TEST_HOST = "$(BUILT_PRODUCTS_DIR)/MobileHAR.app/MobileHAR";
			};
			name = Release;
		};
		08B99C631FAFA7F800D601E6 /* Debug */ = {
			isa = XCBuildConfiguration;
			baseConfigurationReference = 1127FE934E0F054AE09543E4 /* Pods-MobileHARUITests.debug.xcconfig */;
			buildSettings = {
				ALWAYS_EMBED_SWIFT_STANDARD_LIBRARIES = YES;
				CODE_SIGN_STYLE = Automatic;
				DEVELOPMENT_TEAM = K5BR2FF6XK;
				INFOPLIST_FILE = MobileHARUITests/Info.plist;
				LD_RUNPATH_SEARCH_PATHS = "$(inherited) @executable_path/Frameworks @loader_path/Frameworks";
				PRODUCT_BUNDLE_IDENTIFIER = Ubicomp.MobileHARUITests;
				PRODUCT_NAME = "$(TARGET_NAME)";
				SWIFT_VERSION = 4.0;
				TARGETED_DEVICE_FAMILY = "1,2";
				TEST_TARGET_NAME = MobileHAR;
			};
			name = Debug;
		};
		08B99C641FAFA7F800D601E6 /* Release */ = {
			isa = XCBuildConfiguration;
			baseConfigurationReference = B2F36E72F0C76376D19C570C /* Pods-MobileHARUITests.release.xcconfig */;
			buildSettings = {
				ALWAYS_EMBED_SWIFT_STANDARD_LIBRARIES = YES;
				CODE_SIGN_STYLE = Automatic;
				DEVELOPMENT_TEAM = K5BR2FF6XK;
				INFOPLIST_FILE = MobileHARUITests/Info.plist;
				LD_RUNPATH_SEARCH_PATHS = "$(inherited) @executable_path/Frameworks @loader_path/Frameworks";
				PRODUCT_BUNDLE_IDENTIFIER = Ubicomp.MobileHARUITests;
				PRODUCT_NAME = "$(TARGET_NAME)";
				SWIFT_VERSION = 4.0;
				TARGETED_DEVICE_FAMILY = "1,2";
				TEST_TARGET_NAME = MobileHAR;
			};
			name = Release;
		};
/* End XCBuildConfiguration section */

/* Begin XCConfigurationList section */
		08B99C2F1FAFA7F800D601E6 /* Build configuration list for PBXProject "MobileHAR" */ = {
			isa = XCConfigurationList;
			buildConfigurations = (
				08B99C5A1FAFA7F800D601E6 /* Debug */,
				08B99C5B1FAFA7F800D601E6 /* Release */,
			);
			defaultConfigurationIsVisible = 0;
			defaultConfigurationName = Release;
		};
		08B99C5C1FAFA7F800D601E6 /* Build configuration list for PBXNativeTarget "MobileHAR" */ = {
			isa = XCConfigurationList;
			buildConfigurations = (
				08B99C5D1FAFA7F800D601E6 /* Debug */,
				08B99C5E1FAFA7F800D601E6 /* Release */,
			);
			defaultConfigurationIsVisible = 0;
			defaultConfigurationName = Release;
		};
		08B99C5F1FAFA7F800D601E6 /* Build configuration list for PBXNativeTarget "MobileHARTests" */ = {
			isa = XCConfigurationList;
			buildConfigurations = (
				08B99C601FAFA7F800D601E6 /* Debug */,
				08B99C611FAFA7F800D601E6 /* Release */,
			);
			defaultConfigurationIsVisible = 0;
			defaultConfigurationName = Release;
		};
		08B99C621FAFA7F800D601E6 /* Build configuration list for PBXNativeTarget "MobileHARUITests" */ = {
			isa = XCConfigurationList;
			buildConfigurations = (
				08B99C631FAFA7F800D601E6 /* Debug */,
				08B99C641FAFA7F800D601E6 /* Release */,
			);
			defaultConfigurationIsVisible = 0;
			defaultConfigurationName = Release;
		};
/* End XCConfigurationList section */
	};
	rootObject = 08B99C2C1FAFA7F800D601E6 /* Project object */;
}
